
Microsoft Visual Studio Solution File, Format Version 12.00
# Visual Studio Version 16
VisualStudioVersion = 16.0.30413.136
MinimumVisualStudioVersion = 10.0.40219.1
Project("{FAE04EC0-301F-11D3-BF4B-00C04F79EFBC}") = "Test-Vyjimky", "Test-Vyjimky\Test-Vyjimky.csproj", "{8270D13D-6950-4EF1-A653-BE95B1EAADA9}"
EndProject
Global
	GlobalSection(SolutionConfigurationPlatforms) = preSolution
		Debug|Any CPU = Debug|Any CPU
		Release|Any CPU = Release|Any CPU
	EndGlobalSection
	GlobalSection(ProjectConfigurationPlatforms) = postSolution
		{8270D13D-6950-4EF1-A653-BE95B1EAADA9}.Debug|Any CPU.ActiveCfg = Debug|Any CPU
		{8270D13D-6950-4EF1-A653-BE95B1EAADA9}.Debug|Any CPU.Build.0 = Debug|Any CPU
		{8270D13D-6950-4EF1-A653-BE95B1EAADA9}.Release|Any CPU.ActiveCfg = Release|Any CPU
		{8270D13D-6950-4EF1-A653-BE95B1EAADA9}.Release|Any CPU.Build.0 = Release|Any CPU
	EndGlobalSection
	GlobalSection(SolutionProperties) = preSolution
		HideSolutionNode = FALSE
	EndGlobalSection
	GlobalSection(ExtensibilityGlobals) = postSolution
		SolutionGuid = {B777A64E-86AD-4DE0-8D35-874BF26E1AD5}
	EndGlobalSection
EndGlobal
